
Microsoft Visual Studio Solution File, Format Version 12.00
# Visual Studio Version 16
VisualStudioVersion = 16.0.29519.87
MinimumVisualStudioVersion = 10.0.40219.1
Project("{2150E333-8FDC-42A3-9474-1A3956D46DE8}") = ".root-dev", ".root-dev", "{0DB4BE87-F690-4B64-AA52-850CF1EAB3D4}"
EndProject
Project("{2150E333-8FDC-42A3-9474-1A3956D46DE8}") = "Common", "Common", "{71EF20E2-0D01-4ED4-B0F9-764732ED4106}"
	ProjectSection(SolutionItems) = preProject
		..\common\docs\README.md = ..\common\docs\README.md
	EndProjectSection
EndProject
Project("{2150E333-8FDC-42A3-9474-1A3956D46DE8}") = "Data", "Data", "{2A350112-47E5-446A-A286-A9053A473029}"
	ProjectSection(SolutionItems) = preProject
		..\data\docs\README.md = ..\data\docs\README.md
	EndProjectSection
EndProject
Project("{2150E333-8FDC-42A3-9474-1A3956D46DE8}") = "Expressions", "Expressions", "{AF908083-DEFE-45DC-BB75-EB5C4CF88DD6}"
	ProjectSection(SolutionItems) = preProject
		..\expressions\docs\README.md = ..\expressions\docs\README.md
	EndProjectSection
EndProject
Project("{2150E333-8FDC-42A3-9474-1A3956D46DE8}") = "IO", "IO", "{8426B420-E188-46C9-B98C-02014D4F0EED}"
	ProjectSection(SolutionItems) = preProject
		..\io\docs\README.md = ..\io\docs\README.md
	EndProjectSection
EndProject
Project("{2150E333-8FDC-42A3-9474-1A3956D46DE8}") = "Numeric", "Numeric", "{68155B52-0049-4C33-84F5-6AE3DE8415CE}"
	ProjectSection(SolutionItems) = preProject
		..\numeric\docs\README.md = ..\numeric\docs\README.md
	EndProjectSection
EndProject
Project("{2150E333-8FDC-42A3-9474-1A3956D46DE8}") = "PQDIF", "PQDIF", "{EF85946C-67A6-42BB-88B9-55F2285FEC6D}"
	ProjectSection(SolutionItems) = preProject
		..\pqdif\docs\README.md = ..\pqdif\docs\README.md
	EndProjectSection
EndProject
Project("{2150E333-8FDC-42A3-9474-1A3956D46DE8}") = "Security", "Security", "{AC074377-1D21-43EA-8CC6-280FD0B613AD}"
	ProjectSection(SolutionItems) = preProject
		..\security\docs\README.md = ..\security\docs\README.md
	EndProjectSection
EndProject
Project("{2150E333-8FDC-42A3-9474-1A3956D46DE8}") = "Threading", "Threading", "{ECB3345B-F0FB-469B-B9E6-4E2D3657B13D}"
	ProjectSection(SolutionItems) = preProject
		..\threading\docs\README.md = ..\threading\docs\README.md
	EndProjectSection
EndProject
Project("{2150E333-8FDC-42A3-9474-1A3956D46DE8}") = "Σ Project Template", "Σ Project Template", "{9446BA36-14CD-448B-AFDB-CCD61A30E7B0}"
	ProjectSection(SolutionItems) = preProject
		..\gemtem\docs\README.md = ..\gemtem\docs\README.md
	EndProjectSection
EndProject
Project("{9A19103F-16F7-4668-BE54-9A1E7A4F7556}") = "Gemstone.Common", "..\common\src\Gemstone\Gemstone.Common.csproj", "{721D3830-2CD7-45DE-A288-4FAF1D53CEC6}"
EndProject
Project("{9A19103F-16F7-4668-BE54-9A1E7A4F7556}") = "Gemstone.Common.UnitTests", "..\common\src\UnitTests\Gemstone.Common.UnitTests.csproj", "{41B5D5D3-9A97-48ED-840C-188A0CA95480}"
EndProject
Project("{9A19103F-16F7-4668-BE54-9A1E7A4F7556}") = "Gemstone.Expressions", "..\expressions\src\Gemstone.Expressions\Gemstone.Expressions.csproj", "{342E81B2-4952-4951-AC90-FD194C9F7956}"
EndProject
Project("{9A19103F-16F7-4668-BE54-9A1E7A4F7556}") = "Gemstone.Expressions.UnitTests", "..\expressions\src\UnitTests\Gemstone.Expressions.UnitTests.csproj", "{724EE79F-5633-4BF1-B0B2-ED67CE17FD87}"
EndProject
Project("{9A19103F-16F7-4668-BE54-9A1E7A4F7556}") = "Gemstone.Numeric", "..\numeric\src\Gemstone.Numeric\Gemstone.Numeric.csproj", "{15D46C55-39CA-41FB-A675-95FCDBCED250}"
EndProject
Project("{9A19103F-16F7-4668-BE54-9A1E7A4F7556}") = "Gemstone.Numeric.UnitTests", "..\numeric\src\UnitTests\Gemstone.Numeric.UnitTests.csproj", "{57DC58CC-CA6B-4922-938B-BC9EDAB80E21}"
EndProject
Project("{9A19103F-16F7-4668-BE54-9A1E7A4F7556}") = "Gemstone.Data", "..\data\src\Gemstone.Data\Gemstone.Data.csproj", "{2F6A4614-9AA4-4566-B61B-16B81A5F1C9E}"
EndProject
Project("{9A19103F-16F7-4668-BE54-9A1E7A4F7556}") = "Gemstone.Data.UnitTests", "..\data\src\UnitTests\Gemstone.Data.UnitTests.csproj", "{D10D67A4-A275-4418-923B-0BF2A6C60ED5}"
EndProject
Project("{9A19103F-16F7-4668-BE54-9A1E7A4F7556}") = "Gemstone.IO", "..\io\src\Gemstone.IO\Gemstone.IO.csproj", "{AAAE4D5E-6297-4ED5-91A3-E2B46D8DD2FC}"
EndProject
Project("{9A19103F-16F7-4668-BE54-9A1E7A4F7556}") = "Gemstone.IO.UnitTests", "..\io\src\UnitTests\Gemstone.IO.UnitTests.csproj", "{B8833D46-65B3-4858-BA80-84658D31A999}"
EndProject
Project("{9A19103F-16F7-4668-BE54-9A1E7A4F7556}") = "Gemstone.Security", "..\security\src\Gemstone.Security\Gemstone.Security.csproj", "{1D1987D0-3CA1-4FAA-839A-F3510FA3A4A4}"
EndProject
Project("{9A19103F-16F7-4668-BE54-9A1E7A4F7556}") = "Gemstone.Security.UnitTests", "..\security\src\UnitTests\Gemstone.Security.UnitTests.csproj", "{3DAC8F1B-00F9-4D83-B155-249D093662BC}"
EndProject
Project("{9A19103F-16F7-4668-BE54-9A1E7A4F7556}") = "Gemstone.Threading", "..\threading\src\Gemstone.Threading\Gemstone.Threading.csproj", "{2C72030A-78D0-4E09-9746-33AE9305C49D}"
EndProject
Project("{9A19103F-16F7-4668-BE54-9A1E7A4F7556}") = "Gemstone.Threading.UnitTests", "..\threading\src\UnitTests\Gemstone.Threading.UnitTests.csproj", "{A0EF3EDF-8C2E-439C-8A4F-47ED1FA6BD58}"
EndProject
Project("{9A19103F-16F7-4668-BE54-9A1E7A4F7556}") = "Gemstone.PQDIF", "..\pqdif\src\Gemstone.PQDIF\Gemstone.PQDIF.csproj", "{E2A89CD8-ECA4-4EE2-845A-7D1B982E5220}"
EndProject
Project("{9A19103F-16F7-4668-BE54-9A1E7A4F7556}") = "Gemstone.PQDIF.UnitTests", "..\pqdif\src\UnitTests\Gemstone.PQDIF.UnitTests.csproj", "{3B26052F-CA9E-4CAE-9CB0-842BD420A321}"
EndProject
Project("{9A19103F-16F7-4668-BE54-9A1E7A4F7556}") = "Gemstone.GemTem", "..\gemtem\src\Gemstone.GemTem\Gemstone.GemTem.csproj", "{4EB75B38-C40D-40DE-8EC3-E99D80F59A08}"
EndProject
Project("{9A19103F-16F7-4668-BE54-9A1E7A4F7556}") = "Gemstone.GemTem.UnitTests", "..\gemtem\src\UnitTests\Gemstone.GemTem.UnitTests.csproj", "{B436EB87-75D4-4C65-AAC8-2551A21407C8}"
EndProject
Project("{2150E333-8FDC-42A3-9474-1A3956D46DE8}") = "tools", "tools", "{19750400-E086-4B67-8A93-5BD7FB1A4B3C}"
EndProject
Project("{9A19103F-16F7-4668-BE54-9A1E7A4F7556}") = "ReadVersion", "tools\ReadVersion\ReadVersion.csproj", "{A37248E8-E8DE-437C-9C81-DBDF40B3880D}"
EndProject
Project("{9A19103F-16F7-4668-BE54-9A1E7A4F7556}") = "UpdateVersion", "tools\UpdateVersion\UpdateVersion.csproj", "{06752938-B8EE-4A6C-AEC1-AEC2175BEDEA}"
EndProject
Project("{D954291E-2A0B-460D-934E-DC6B0785DB48}") = "VersionCommon", "tools\VersionCommon\VersionCommon.shproj", "{BF383459-A583-456B-A4CF-1001954DD9D2}"
EndProject
Project("{2150E333-8FDC-42A3-9474-1A3956D46DE8}") = "scripts", "scripts", "{9F2D9572-1F19-4784-9A4F-9F0764F69EF2}"
	ProjectSection(SolutionItems) = preProject
		clone-all.cmd = clone-all.cmd
		clone-all.ps1 = clone-all.ps1
		clone-all.sh = clone-all.sh
		commit-all.cmd = commit-all.cmd
		pull-all.cmd = pull-all.cmd
		pull-all.sh = pull-all.sh
		push-all.cmd = push-all.cmd
		push-all.sh = push-all.sh
		repos.txt = repos.txt
		status-all.cmd = status-all.cmd
		status-all.sh = status-all.sh
	EndProjectSection
EndProject
Project("{2150E333-8FDC-42A3-9474-1A3956D46DE8}") = "docs", "docs", "{FBE2039F-10E7-4D5C-A85C-07339CF150AA}"
	ProjectSection(SolutionItems) = preProject
		docs\AddLibrarySteps.md = docs\AddLibrarySteps.md
		LICENSE = LICENSE
		docs\README.md = docs\README.md
	EndProjectSection
EndProject
Project("{2150E333-8FDC-42A3-9474-1A3956D46DE8}") = "build", "build", "{6D3343C6-F1CE-496A-8CBD-92EC539528E2}"
EndProject
Project("{2150E333-8FDC-42A3-9474-1A3956D46DE8}") = "scripts", "scripts", "{EF7FB29D-5AA1-430E-B350-EE953E1E82AE}"
	ProjectSection(SolutionItems) = preProject
		build\scripts\build-gemstone.ps1 = build\scripts\build-gemstone.ps1
	EndProjectSection
EndProject
Global
	GlobalSection(SharedMSBuildProjectFiles) = preSolution
		tools\VersionCommon\VersionCommon.projitems*{bf383459-a583-456b-a4cf-1001954dd9d2}*SharedItemsImports = 13
	EndGlobalSection
	GlobalSection(SolutionConfigurationPlatforms) = preSolution
		Development|Any CPU = Development|Any CPU
	EndGlobalSection
	GlobalSection(ProjectConfigurationPlatforms) = postSolution
		{721D3830-2CD7-45DE-A288-4FAF1D53CEC6}.Development|Any CPU.ActiveCfg = Development|Any CPU
		{721D3830-2CD7-45DE-A288-4FAF1D53CEC6}.Development|Any CPU.Build.0 = Development|Any CPU
		{41B5D5D3-9A97-48ED-840C-188A0CA95480}.Development|Any CPU.ActiveCfg = Development|Any CPU
		{41B5D5D3-9A97-48ED-840C-188A0CA95480}.Development|Any CPU.Build.0 = Development|Any CPU
		{342E81B2-4952-4951-AC90-FD194C9F7956}.Development|Any CPU.ActiveCfg = Development|Any CPU
		{342E81B2-4952-4951-AC90-FD194C9F7956}.Development|Any CPU.Build.0 = Development|Any CPU
		{724EE79F-5633-4BF1-B0B2-ED67CE17FD87}.Development|Any CPU.ActiveCfg = Development|Any CPU
		{724EE79F-5633-4BF1-B0B2-ED67CE17FD87}.Development|Any CPU.Build.0 = Development|Any CPU
		{15D46C55-39CA-41FB-A675-95FCDBCED250}.Development|Any CPU.ActiveCfg = Development|Any CPU
		{15D46C55-39CA-41FB-A675-95FCDBCED250}.Development|Any CPU.Build.0 = Development|Any CPU
		{57DC58CC-CA6B-4922-938B-BC9EDAB80E21}.Development|Any CPU.ActiveCfg = Development|Any CPU
		{57DC58CC-CA6B-4922-938B-BC9EDAB80E21}.Development|Any CPU.Build.0 = Development|Any CPU
		{2F6A4614-9AA4-4566-B61B-16B81A5F1C9E}.Development|Any CPU.ActiveCfg = Development|Any CPU
		{2F6A4614-9AA4-4566-B61B-16B81A5F1C9E}.Development|Any CPU.Build.0 = Development|Any CPU
		{D10D67A4-A275-4418-923B-0BF2A6C60ED5}.Development|Any CPU.ActiveCfg = Development|Any CPU
		{D10D67A4-A275-4418-923B-0BF2A6C60ED5}.Development|Any CPU.Build.0 = Development|Any CPU
		{AAAE4D5E-6297-4ED5-91A3-E2B46D8DD2FC}.Development|Any CPU.ActiveCfg = Development|Any CPU
		{AAAE4D5E-6297-4ED5-91A3-E2B46D8DD2FC}.Development|Any CPU.Build.0 = Development|Any CPU
		{B8833D46-65B3-4858-BA80-84658D31A999}.Development|Any CPU.ActiveCfg = Development|Any CPU
		{B8833D46-65B3-4858-BA80-84658D31A999}.Development|Any CPU.Build.0 = Development|Any CPU
		{1D1987D0-3CA1-4FAA-839A-F3510FA3A4A4}.Development|Any CPU.ActiveCfg = Development|Any CPU
		{1D1987D0-3CA1-4FAA-839A-F3510FA3A4A4}.Development|Any CPU.Build.0 = Development|Any CPU
		{3DAC8F1B-00F9-4D83-B155-249D093662BC}.Development|Any CPU.ActiveCfg = Development|Any CPU
		{3DAC8F1B-00F9-4D83-B155-249D093662BC}.Development|Any CPU.Build.0 = Development|Any CPU
		{2C72030A-78D0-4E09-9746-33AE9305C49D}.Development|Any CPU.ActiveCfg = Development|Any CPU
		{2C72030A-78D0-4E09-9746-33AE9305C49D}.Development|Any CPU.Build.0 = Development|Any CPU
		{A0EF3EDF-8C2E-439C-8A4F-47ED1FA6BD58}.Development|Any CPU.ActiveCfg = Development|Any CPU
		{A0EF3EDF-8C2E-439C-8A4F-47ED1FA6BD58}.Development|Any CPU.Build.0 = Development|Any CPU
		{E2A89CD8-ECA4-4EE2-845A-7D1B982E5220}.Development|Any CPU.ActiveCfg = Development|Any CPU
		{E2A89CD8-ECA4-4EE2-845A-7D1B982E5220}.Development|Any CPU.Build.0 = Development|Any CPU
		{3B26052F-CA9E-4CAE-9CB0-842BD420A321}.Development|Any CPU.ActiveCfg = Development|Any CPU
		{3B26052F-CA9E-4CAE-9CB0-842BD420A321}.Development|Any CPU.Build.0 = Development|Any CPU
		{4EB75B38-C40D-40DE-8EC3-E99D80F59A08}.Development|Any CPU.ActiveCfg = Development|Any CPU
		{4EB75B38-C40D-40DE-8EC3-E99D80F59A08}.Development|Any CPU.Build.0 = Development|Any CPU
		{B436EB87-75D4-4C65-AAC8-2551A21407C8}.Development|Any CPU.ActiveCfg = Development|Any CPU
		{B436EB87-75D4-4C65-AAC8-2551A21407C8}.Development|Any CPU.Build.0 = Development|Any CPU
		{A37248E8-E8DE-437C-9C81-DBDF40B3880D}.Development|Any CPU.ActiveCfg = Development|Any CPU
		{A37248E8-E8DE-437C-9C81-DBDF40B3880D}.Development|Any CPU.Build.0 = Development|Any CPU
		{06752938-B8EE-4A6C-AEC1-AEC2175BEDEA}.Development|Any CPU.ActiveCfg = Development|Any CPU
		{06752938-B8EE-4A6C-AEC1-AEC2175BEDEA}.Development|Any CPU.Build.0 = Development|Any CPU
	EndGlobalSection
	GlobalSection(SolutionProperties) = preSolution
		HideSolutionNode = FALSE
	EndGlobalSection
	GlobalSection(NestedProjects) = preSolution
		{721D3830-2CD7-45DE-A288-4FAF1D53CEC6} = {71EF20E2-0D01-4ED4-B0F9-764732ED4106}
		{41B5D5D3-9A97-48ED-840C-188A0CA95480} = {71EF20E2-0D01-4ED4-B0F9-764732ED4106}
		{342E81B2-4952-4951-AC90-FD194C9F7956} = {AF908083-DEFE-45DC-BB75-EB5C4CF88DD6}
		{724EE79F-5633-4BF1-B0B2-ED67CE17FD87} = {AF908083-DEFE-45DC-BB75-EB5C4CF88DD6}
		{15D46C55-39CA-41FB-A675-95FCDBCED250} = {68155B52-0049-4C33-84F5-6AE3DE8415CE}
		{57DC58CC-CA6B-4922-938B-BC9EDAB80E21} = {68155B52-0049-4C33-84F5-6AE3DE8415CE}
		{2F6A4614-9AA4-4566-B61B-16B81A5F1C9E} = {2A350112-47E5-446A-A286-A9053A473029}
		{D10D67A4-A275-4418-923B-0BF2A6C60ED5} = {2A350112-47E5-446A-A286-A9053A473029}
		{AAAE4D5E-6297-4ED5-91A3-E2B46D8DD2FC} = {8426B420-E188-46C9-B98C-02014D4F0EED}
		{B8833D46-65B3-4858-BA80-84658D31A999} = {8426B420-E188-46C9-B98C-02014D4F0EED}
		{1D1987D0-3CA1-4FAA-839A-F3510FA3A4A4} = {AC074377-1D21-43EA-8CC6-280FD0B613AD}
		{3DAC8F1B-00F9-4D83-B155-249D093662BC} = {AC074377-1D21-43EA-8CC6-280FD0B613AD}
		{2C72030A-78D0-4E09-9746-33AE9305C49D} = {ECB3345B-F0FB-469B-B9E6-4E2D3657B13D}
		{A0EF3EDF-8C2E-439C-8A4F-47ED1FA6BD58} = {ECB3345B-F0FB-469B-B9E6-4E2D3657B13D}
		{E2A89CD8-ECA4-4EE2-845A-7D1B982E5220} = {EF85946C-67A6-42BB-88B9-55F2285FEC6D}
		{3B26052F-CA9E-4CAE-9CB0-842BD420A321} = {EF85946C-67A6-42BB-88B9-55F2285FEC6D}
		{4EB75B38-C40D-40DE-8EC3-E99D80F59A08} = {9446BA36-14CD-448B-AFDB-CCD61A30E7B0}
		{B436EB87-75D4-4C65-AAC8-2551A21407C8} = {9446BA36-14CD-448B-AFDB-CCD61A30E7B0}
		{19750400-E086-4B67-8A93-5BD7FB1A4B3C} = {0DB4BE87-F690-4B64-AA52-850CF1EAB3D4}
		{A37248E8-E8DE-437C-9C81-DBDF40B3880D} = {19750400-E086-4B67-8A93-5BD7FB1A4B3C}
		{06752938-B8EE-4A6C-AEC1-AEC2175BEDEA} = {19750400-E086-4B67-8A93-5BD7FB1A4B3C}
		{BF383459-A583-456B-A4CF-1001954DD9D2} = {19750400-E086-4B67-8A93-5BD7FB1A4B3C}
		{9F2D9572-1F19-4784-9A4F-9F0764F69EF2} = {0DB4BE87-F690-4B64-AA52-850CF1EAB3D4}
		{FBE2039F-10E7-4D5C-A85C-07339CF150AA} = {0DB4BE87-F690-4B64-AA52-850CF1EAB3D4}
		{6D3343C6-F1CE-496A-8CBD-92EC539528E2} = {0DB4BE87-F690-4B64-AA52-850CF1EAB3D4}
		{EF7FB29D-5AA1-430E-B350-EE953E1E82AE} = {6D3343C6-F1CE-496A-8CBD-92EC539528E2}
	EndGlobalSection
	GlobalSection(ExtensibilityGlobals) = postSolution
		SolutionGuid = {E7EDA96F-4985-48C5-80B2-764F45AA8EA5}
	EndGlobalSection
EndGlobal
